
Microsoft Visual Studio Solution File, Format Version 12.00
# Visual Studio 15
VisualStudioVersion = 15.0.28307.136
MinimumVisualStudioVersion = 10.0.40219.1
Project("{FAE04EC0-301F-11D3-BF4B-00C04F79EFBC}") = "PigeonUI", "TinyDisplay\PigeonUI.csproj", "{C08A7879-669B-46D4-975D-DF049291FEFC}"
EndProject
Project("{9A19103F-16F7-4668-BE54-9A1E7A4F7556}") = "DrawPlugin", "DrawPlugin\DrawPlugin.csproj", "{1734B1B2-0ABA-4EF7-9BDA-4989754F38B1}"
EndProject
Project("{9A19103F-16F7-4668-BE54-9A1E7A4F7556}") = "Plugin", "Plugin\Plugin.csproj", "{77464255-5327-4659-8BB1-9D413AE93525}"
EndProject
Global
	GlobalSection(SolutionConfigurationPlatforms) = preSolution
		Debug|Any CPU = Debug|Any CPU
		Release|Any CPU = Release|Any CPU
	EndGlobalSection
	GlobalSection(ProjectConfigurationPlatforms) = postSolution
		{C08A7879-669B-46D4-975D-DF049291FEFC}.Debug|Any CPU.ActiveCfg = Debug|Any CPU
		{C08A7879-669B-46D4-975D-DF049291FEFC}.Debug|Any CPU.Build.0 = Debug|Any CPU
		{C08A7879-669B-46D4-975D-DF049291FEFC}.Release|Any CPU.ActiveCfg = Release|Any CPU
		{C08A7879-669B-46D4-975D-DF049291FEFC}.Release|Any CPU.Build.0 = Release|Any CPU
		{1734B1B2-0ABA-4EF7-9BDA-4989754F38B1}.Debug|Any CPU.ActiveCfg = Debug|Any CPU
		{1734B1B2-0ABA-4EF7-9BDA-4989754F38B1}.Debug|Any CPU.Build.0 = Debug|Any CPU
		{1734B1B2-0ABA-4EF7-9BDA-4989754F38B1}.Release|Any CPU.ActiveCfg = Release|Any CPU
		{1734B1B2-0ABA-4EF7-9BDA-4989754F38B1}.Release|Any CPU.Build.0 = Release|Any CPU
		{77464255-5327-4659-8BB1-9D413AE93525}.Debug|Any CPU.ActiveCfg = Debug|Any CPU
		{77464255-5327-4659-8BB1-9D413AE93525}.Debug|Any CPU.Build.0 = Debug|Any CPU
		{77464255-5327-4659-8BB1-9D413AE93525}.Release|Any CPU.ActiveCfg = Release|Any CPU
		{77464255-5327-4659-8BB1-9D413AE93525}.Release|Any CPU.Build.0 = Release|Any CPU
	EndGlobalSection
	GlobalSection(SolutionProperties) = preSolution
		HideSolutionNode = FALSE
	EndGlobalSection
	GlobalSection(ExtensibilityGlobals) = postSolution
		SolutionGuid = {C6CB3BBF-7CA5-4864-B907-B594A6F926AE}
	EndGlobalSection
EndGlobal
